
Microsoft Visual Studio Solution File, Format Version 12.00
# Visual Studio Version 17
VisualStudioVersion = 17.14.36717.8
MinimumVisualStudioVersion = 10.0.40219.1
Project("{FAE04EC0-301F-11D3-BF4B-00C04F79EFBC}") = "AT.UFTMS.WebAPI.Domain", "AT.UFTMS.WebAPI.Domain\AT.UFTMS.WebAPI.Domain.csproj", "{A35C6ED3-3361-4241-A7B7-8A09BF73B79D}"
EndProject
Project("{FAE04EC0-301F-11D3-BF4B-00C04F79EFBC}") = "AT.UFTMS.WebAPI.Application", "AT.UFTMS.WebAPI.Application\AT.UFTMS.WebAPI.Application.csproj", "{B12234C1-284E-4E80-8DAE-6773E0A14DDC}"
EndProject
Project("{FAE04EC0-301F-11D3-BF4B-00C04F79EFBC}") = "AT.UFTMS.WebAPI.Infrastructure", "AT.UFTMS.WebAPI.Infrastructure\AT.UFTMS.WebAPI.Infrastructure.csproj", "{31BAF745-05BC-4EF3-A971-BE17FA6E32AF}"
EndProject
Global
	GlobalSection(SolutionConfigurationPlatforms) = preSolution
		Debug|Any CPU = Debug|Any CPU
		Release|Any CPU = Release|Any CPU
	EndGlobalSection
	GlobalSection(ProjectConfigurationPlatforms) = postSolution
		{A35C6ED3-3361-4241-A7B7-8A09BF73B79D}.Debug|Any CPU.ActiveCfg = Debug|Any CPU
		{A35C6ED3-3361-4241-A7B7-8A09BF73B79D}.Debug|Any CPU.Build.0 = Debug|Any CPU
		{A35C6ED3-3361-4241-A7B7-8A09BF73B79D}.Release|Any CPU.ActiveCfg = Release|Any CPU
		{A35C6ED3-3361-4241-A7B7-8A09BF73B79D}.Release|Any CPU.Build.0 = Release|Any CPU
		{B12234C1-284E-4E80-8DAE-6773E0A14DDC}.Debug|Any CPU.ActiveCfg = Debug|Any CPU
		{B12234C1-284E-4E80-8DAE-6773E0A14DDC}.Debug|Any CPU.Build.0 = Debug|Any CPU
		{B12234C1-284E-4E80-8DAE-6773E0A14DDC}.Release|Any CPU.ActiveCfg = Release|Any CPU
		{B12234C1-284E-4E80-8DAE-6773E0A14DDC}.Release|Any CPU.Build.0 = Release|Any CPU
		{31BAF745-05BC-4EF3-A971-BE17FA6E32AF}.Debug|Any CPU.ActiveCfg = Debug|Any CPU
		{31BAF745-05BC-4EF3-A971-BE17FA6E32AF}.Debug|Any CPU.Build.0 = Debug|Any CPU
		{31BAF745-05BC-4EF3-A971-BE17FA6E32AF}.Release|Any CPU.ActiveCfg = Release|Any CPU
		{31BAF745-05BC-4EF3-A971-BE17FA6E32AF}.Release|Any CPU.Build.0 = Release|Any CPU
	EndGlobalSection
	GlobalSection(SolutionProperties) = preSolution
		HideSolutionNode = FALSE
	EndGlobalSection
	GlobalSection(ExtensibilityGlobals) = postSolution
		SolutionGuid = {CCE7B5B6-28A6-4463-94E7-0D44ABD05178}
	EndGlobalSection
EndGlobal
